
Microsoft Visual Studio Solution File, Format Version 12.00
# Visual Studio 15
VisualStudioVersion = 15.0.26730.16
MinimumVisualStudioVersion = 10.0.40219.1
Project("{FAE04EC0-301F-11D3-BF4B-00C04F79EFBC}") = "RWS", "RWS\RWS.csproj", "{A09CB1AD-0C9F-460D-BC23-963AE87B991A}"
EndProject
Global
	GlobalSection(SolutionConfigurationPlatforms) = preSolution
		Debug|Any CPU = Debug|Any CPU
		Release|Any CPU = Release|Any CPU
	EndGlobalSection
	GlobalSection(ProjectConfigurationPlatforms) = postSolution
		{A09CB1AD-0C9F-460D-BC23-963AE87B991A}.Debug|Any CPU.ActiveCfg = Debug|Any CPU
		{A09CB1AD-0C9F-460D-BC23-963AE87B991A}.Debug|Any CPU.Build.0 = Debug|Any CPU
		{A09CB1AD-0C9F-460D-BC23-963AE87B991A}.Release|Any CPU.ActiveCfg = Release|Any CPU
		{A09CB1AD-0C9F-460D-BC23-963AE87B991A}.Release|Any CPU.Build.0 = Release|Any CPU
	EndGlobalSection
	GlobalSection(SolutionProperties) = preSolution
		HideSolutionNode = FALSE
	EndGlobalSection
	GlobalSection(ExtensibilityGlobals) = postSolution
		SolutionGuid = {270D6358-8BD5-4C07-89D7-8E2859C042BE}
	EndGlobalSection
EndGlobal
